// !$*UTF8*$!
{
	archiveVersion = 1;
	classes = {
	};
	objectVersion = 56;
	objects = {

/* Begin PBXBuildFile section */
		78A75A18F4D0C8CCA9CAE1C7 /* Pods_ToDo_List.framework in Frameworks */ = {isa = PBXBuildFile; fileRef = 09983B31C730EB5D5D8380D3 /* Pods_ToDo_List.framework */; };
		E2639478296554B30013CC78 /* AppDelegate.swift in Sources */ = {isa = PBXBuildFile; fileRef = E2639477296554B30013CC78 /* AppDelegate.swift */; };
		E263947A296554B30013CC78 /* SceneDelegate.swift in Sources */ = {isa = PBXBuildFile; fileRef = E2639479296554B30013CC78 /* SceneDelegate.swift */; };
		E263947F296554B30013CC78 /* Main.storyboard in Resources */ = {isa = PBXBuildFile; fileRef = E263947D296554B30013CC78 /* Main.storyboard */; };
		E2639482296554B30013CC78 /* ToDo_List.xcdatamodeld in Sources */ = {isa = PBXBuildFile; fileRef = E2639480296554B30013CC78 /* ToDo_List.xcdatamodeld */; };
		E2639484296554B50013CC78 /* Assets.xcassets in Resources */ = {isa = PBXBuildFile; fileRef = E2639483296554B50013CC78 /* Assets.xcassets */; };
		E2639487296554B50013CC78 /* LaunchScreen.storyboard in Resources */ = {isa = PBXBuildFile; fileRef = E2639485296554B50013CC78 /* LaunchScreen.storyboard */; };
		E2639492296555850013CC78 /* CategoryVC.swift in Sources */ = {isa = PBXBuildFile; fileRef = E2639491296555850013CC78 /* CategoryVC.swift */; };
		E2639494296558020013CC78 /* CategoryCell.swift in Sources */ = {isa = PBXBuildFile; fileRef = E2639493296558020013CC78 /* CategoryCell.swift */; };
		E263949629655F690013CC78 /* ItemCell.swift in Sources */ = {isa = PBXBuildFile; fileRef = E263949529655F690013CC78 /* ItemCell.swift */; };
		E263949829655F7D0013CC78 /* ItemVC.swift in Sources */ = {isa = PBXBuildFile; fileRef = E263949729655F7D0013CC78 /* ItemVC.swift */; };
		E263949A29656A930013CC78 /* Item.swift in Sources */ = {isa = PBXBuildFile; fileRef = E263949929656A930013CC78 /* Item.swift */; };
		E289DEEF29668A1300B16C8A /* Category.swift in Sources */ = {isa = PBXBuildFile; fileRef = E289DEEE29668A1300B16C8A /* Category.swift */; };
/* End PBXBuildFile section */

/* Begin PBXFileReference section */
		09983B31C730EB5D5D8380D3 /* Pods_ToDo_List.framework */ = {isa = PBXFileReference; explicitFileType = wrapper.framework; includeInIndex = 0; path = Pods_ToDo_List.framework; sourceTree = BUILT_PRODUCTS_DIR; };
		84E81C7F5892602E8991C00C /* Pods-ToDo List.debug.xcconfig */ = {isa = PBXFileReference; includeInIndex = 1; lastKnownFileType = text.xcconfig; name = "Pods-ToDo List.debug.xcconfig"; path = "Target Support Files/Pods-ToDo List/Pods-ToDo List.debug.xcconfig"; sourceTree = "<group>"; };
		A6AFB416BAD5E32E7EE9AB21 /* Pods-ToDo List.release.xcconfig */ = {isa = PBXFileReference; includeInIndex = 1; lastKnownFileType = text.xcconfig; name = "Pods-ToDo List.release.xcconfig"; path = "Target Support Files/Pods-ToDo List/Pods-ToDo List.release.xcconfig"; sourceTree = "<group>"; };
		E2639474296554B30013CC78 /* ToDo List.app */ = {isa = PBXFileReference; explicitFileType = wrapper.application; includeInIndex = 0; path = "ToDo List.app"; sourceTree = BUILT_PRODUCTS_DIR; };
		E2639477296554B30013CC78 /* AppDelegate.swift */ = {isa = PBXFileReference; lastKnownFileType = sourcecode.swift; path = AppDelegate.swift; sourceTree = "<group>"; };
		E2639479296554B30013CC78 /* SceneDelegate.swift */ = {isa = PBXFileReference; lastKnownFileType = sourcecode.swift; path = SceneDelegate.swift; sourceTree = "<group>"; };
		E263947E296554B30013CC78 /* Base */ = {isa = PBXFileReference; lastKnownFileType = file.storyboard; name = Base; path = Base.lproj/Main.storyboard; sourceTree = "<group>"; };
		E2639481296554B30013CC78 /* ToDo_List.xcdatamodel */ = {isa = PBXFileReference; lastKnownFileType = wrapper.xcdatamodel; path = ToDo_List.xcdatamodel; sourceTree = "<group>"; };
		E2639483296554B50013CC78 /* Assets.xcassets */ = {isa = PBXFileReference; lastKnownFileType = folder.assetcatalog; path = Assets.xcassets; sourceTree = "<group>"; };
		E2639486296554B50013CC78 /* Base */ = {isa = PBXFileReference; lastKnownFileType = file.storyboard; name = Base; path = Base.lproj/LaunchScreen.storyboard; sourceTree = "<group>"; };
		E2639488296554B50013CC78 /* Info.plist */ = {isa = PBXFileReference; lastKnownFileType = text.plist.xml; path = Info.plist; sourceTree = "<group>"; };
		E2639491296555850013CC78 /* CategoryVC.swift */ = {isa = PBXFileReference; lastKnownFileType = sourcecode.swift; path = CategoryVC.swift; sourceTree = "<group>"; };
		E2639493296558020013CC78 /* CategoryCell.swift */ = {isa = PBXFileReference; lastKnownFileType = sourcecode.swift; path = CategoryCell.swift; sourceTree = "<group>"; };
		E263949529655F690013CC78 /* ItemCell.swift */ = {isa = PBXFileReference; lastKnownFileType = sourcecode.swift; path = ItemCell.swift; sourceTree = "<group>"; };
		E263949729655F7D0013CC78 /* ItemVC.swift */ = {isa = PBXFileReference; lastKnownFileType = sourcecode.swift; path = ItemVC.swift; sourceTree = "<group>"; };
		E263949929656A930013CC78 /* Item.swift */ = {isa = PBXFileReference; lastKnownFileType = sourcecode.swift; path = Item.swift; sourceTree = "<group>"; };
		E289DEEE29668A1300B16C8A /* Category.swift */ = {isa = PBXFileReference; lastKnownFileType = sourcecode.swift; path = Category.swift; sourceTree = "<group>"; };
/* End PBXFileReference section */

/* Begin PBXFrameworksBuildPhase section */
		E2639471296554B30013CC78 /* Frameworks */ = {
			isa = PBXFrameworksBuildPhase;
			buildActionMask = 2147483647;
			files = (
				78A75A18F4D0C8CCA9CAE1C7 /* Pods_ToDo_List.framework in Frameworks */,
			);
			runOnlyForDeploymentPostprocessing = 0;
		};
/* End PBXFrameworksBuildPhase section */

/* Begin PBXGroup section */
		43CB4C1C28A39214E012715A /* Pods */ = {
			isa = PBXGroup;
			children = (
				84E81C7F5892602E8991C00C /* Pods-ToDo List.debug.xcconfig */,
				A6AFB416BAD5E32E7EE9AB21 /* Pods-ToDo List.release.xcconfig */,
			);
			path = Pods;
			sourceTree = "<group>";
		};
		47121122B963EC082E6CF349 /* Frameworks */ = {
			isa = PBXGroup;
			children = (
				09983B31C730EB5D5D8380D3 /* Pods_ToDo_List.framework */,
			);
			name = Frameworks;
			sourceTree = "<group>";
		};
		E263946B296554B30013CC78 = {
			isa = PBXGroup;
			children = (
				E2639476296554B30013CC78 /* ToDo List */,
				E2639475296554B30013CC78 /* Products */,
				43CB4C1C28A39214E012715A /* Pods */,
				47121122B963EC082E6CF349 /* Frameworks */,
			);
			sourceTree = "<group>";
		};
		E2639475296554B30013CC78 /* Products */ = {
			isa = PBXGroup;
			children = (
				E2639474296554B30013CC78 /* ToDo List.app */,
			);
			name = Products;
			sourceTree = "<group>";
		};
		E2639476296554B30013CC78 /* ToDo List */ = {
			isa = PBXGroup;
			children = (
				E2639490296554F10013CC78 /* Model */,
				E263948E296554E00013CC78 /* View */,
				E263948F296554E70013CC78 /* Controller */,
				E2639483296554B50013CC78 /* Assets.xcassets */,
				E2639488296554B50013CC78 /* Info.plist */,
				E2639480296554B30013CC78 /* ToDo_List.xcdatamodeld */,
			);
			path = "ToDo List";
			sourceTree = "<group>";
		};
		E263948E296554E00013CC78 /* View */ = {
			isa = PBXGroup;
			children = (
				E263947D296554B30013CC78 /* Main.storyboard */,
				E2639485296554B50013CC78 /* LaunchScreen.storyboard */,
			);
			path = View;
			sourceTree = "<group>";
		};
		E263948F296554E70013CC78 /* Controller */ = {
			isa = PBXGroup;
			children = (
				E2639477296554B30013CC78 /* AppDelegate.swift */,
				E2639479296554B30013CC78 /* SceneDelegate.swift */,
				E2639491296555850013CC78 /* CategoryVC.swift */,
				E2639493296558020013CC78 /* CategoryCell.swift */,
				E263949729655F7D0013CC78 /* ItemVC.swift */,
				E263949529655F690013CC78 /* ItemCell.swift */,
			);
			path = Controller;
			sourceTree = "<group>";
		};
		E2639490296554F10013CC78 /* Model */ = {
			isa = PBXGroup;
			children = (
				E263949929656A930013CC78 /* Item.swift */,
				E289DEEE29668A1300B16C8A /* Category.swift */,
			);
			path = Model;
			sourceTree = "<group>";
		};
/* End PBXGroup section */

/* Begin PBXNativeTarget section */
		E2639473296554B30013CC78 /* ToDo List */ = {
			isa = PBXNativeTarget;
			buildConfigurationList = E263948B296554B50013CC78 /* Build configuration list for PBXNativeTarget "ToDo List" */;
			buildPhases = (
				83809D2614BAB5D9AAA9FFA4 /* [CP] Check Pods Manifest.lock */,
				E2639470296554B30013CC78 /* Sources */,
				E2639471296554B30013CC78 /* Frameworks */,
				E2639472296554B30013CC78 /* Resources */,
				18A36134014AAFBCAAD7EF04 /* [CP] Embed Pods Frameworks */,
			);
			buildRules = (
			);
			dependencies = (
			);
			name = "ToDo List";
			productName = "ToDo List";
			productReference = E2639474296554B30013CC78 /* ToDo List.app */;
			productType = "com.apple.product-type.application";
		};
/* End PBXNativeTarget section */

/* Begin PBXProject section */
		E263946C296554B30013CC78 /* Project object */ = {
			isa = PBXProject;
			attributes = {
				BuildIndependentTargetsInParallel = 1;
				LastSwiftUpdateCheck = 1410;
				LastUpgradeCheck = 1410;
				TargetAttributes = {
					E2639473296554B30013CC78 = {
						CreatedOnToolsVersion = 14.1;
					};
				};
			};
			buildConfigurationList = E263946F296554B30013CC78 /* Build configuration list for PBXProject "ToDo List" */;
			compatibilityVersion = "Xcode 14.0";
			developmentRegion = en;
			hasScannedForEncodings = 0;
			knownRegions = (
				en,
				Base,
			);
			mainGroup = E263946B296554B30013CC78;
			productRefGroup = E2639475296554B30013CC78 /* Products */;
			projectDirPath = "";
			projectRoot = "";
			targets = (
				E2639473296554B30013CC78 /* ToDo List */,
			);
		};
/* End PBXProject section */

/* Begin PBXResourcesBuildPhase section */
		E2639472296554B30013CC78 /* Resources */ = {
			isa = PBXResourcesBuildPhase;
			buildActionMask = 2147483647;
			files = (
				E2639487296554B50013CC78 /* LaunchScreen.storyboard in Resources */,
				E2639484296554B50013CC78 /* Assets.xcassets in Resources */,
				E263947F296554B30013CC78 /* Main.storyboard in Resources */,
			);
			runOnlyForDeploymentPostprocessing = 0;
		};
/* End PBXResourcesBuildPhase section */

/* Begin PBXShellScriptBuildPhase section */
		18A36134014AAFBCAAD7EF04 /* [CP] Embed Pods Frameworks */ = {
			isa = PBXShellScriptBuildPhase;
			buildActionMask = 2147483647;
			files = (
			);
			inputFileListPaths = (
				"${PODS_ROOT}/Target Support Files/Pods-ToDo List/Pods-ToDo List-frameworks-${CONFIGURATION}-input-files.xcfilelist",
			);
			name = "[CP] Embed Pods Frameworks";
			outputFileListPaths = (
				"${PODS_ROOT}/Target Support Files/Pods-ToDo List/Pods-ToDo List-frameworks-${CONFIGURATION}-output-files.xcfilelist",
			);
			runOnlyForDeploymentPostprocessing = 0;
			shellPath = /bin/sh;
			shellScript = "\"${PODS_ROOT}/Target Support Files/Pods-ToDo List/Pods-ToDo List-frameworks.sh\"\n";
			showEnvVarsInLog = 0;
		};
		83809D2614BAB5D9AAA9FFA4 /* [CP] Check Pods Manifest.lock */ = {
			isa = PBXShellScriptBuildPhase;
			buildActionMask = 2147483647;
			files = (
			);
			inputFileListPaths = (
			);
			inputPaths = (
				"${PODS_PODFILE_DIR_PATH}/Podfile.lock",
				"${PODS_ROOT}/Manifest.lock",
			);
			name = "[CP] Check Pods Manifest.lock";
			outputFileListPaths = (
			);
			outputPaths = (
				"$(DERIVED_FILE_DIR)/Pods-ToDo List-checkManifestLockResult.txt",
			);
			runOnlyForDeploymentPostprocessing = 0;
			shellPath = /bin/sh;
			shellScript = "diff \"${PODS_PODFILE_DIR_PATH}/Podfile.lock\" \"${PODS_ROOT}/Manifest.lock\" > /dev/null\nif [ $? != 0 ] ; then\n    # print error to STDERR\n    echo \"error: The sandbox is not in sync with the Podfile.lock. Run 'pod install' or update your CocoaPods installation.\" >&2\n    exit 1\nfi\n# This output is used by Xcode 'outputs' to avoid re-running this script phase.\necho \"SUCCESS\" > \"${SCRIPT_OUTPUT_FILE_0}\"\n";
			showEnvVarsInLog = 0;
		};
/* End PBXShellScriptBuildPhase section */

/* Begin PBXSourcesBuildPhase section */
		E2639470296554B30013CC78 /* Sources */ = {
			isa = PBXSourcesBuildPhase;
			buildActionMask = 2147483647;
			files = (
				E2639478296554B30013CC78 /* AppDelegate.swift in Sources */,
				E263947A296554B30013CC78 /* SceneDelegate.swift in Sources */,
				E263949629655F690013CC78 /* ItemCell.swift in Sources */,
				E2639482296554B30013CC78 /* ToDo_List.xcdatamodeld in Sources */,
				E263949A29656A930013CC78 /* Item.swift in Sources */,
				E289DEEF29668A1300B16C8A /* Category.swift in Sources */,
				E2639492296555850013CC78 /* CategoryVC.swift in Sources */,
				E263949829655F7D0013CC78 /* ItemVC.swift in Sources */,
				E2639494296558020013CC78 /* CategoryCell.swift in Sources */,
			);
			runOnlyForDeploymentPostprocessing = 0;
		};
/* End PBXSourcesBuildPhase section */

/* Begin PBXVariantGroup section */
		E263947D296554B30013CC78 /* Main.storyboard */ = {
			isa = PBXVariantGroup;
			children = (
				E263947E296554B30013CC78 /* Base */,
			);
			name = Main.storyboard;
			sourceTree = "<group>";
		};
		E2639485296554B50013CC78 /* LaunchScreen.storyboard */ = {
			isa = PBXVariantGroup;
			children = (
				E2639486296554B50013CC78 /* Base */,
			);
			name = LaunchScreen.storyboard;
			sourceTree = "<group>";
		};
/* End PBXVariantGroup section */

/* Begin XCBuildConfiguration section */
		E2639489296554B50013CC78 /* Debug */ = {
			isa = XCBuildConfiguration;
			buildSettings = {
				ALWAYS_SEARCH_USER_PATHS = NO;
				CLANG_ANALYZER_NONNULL = YES;
				CLANG_ANALYZER_NUMBER_OBJECT_CONVERSION = YES_AGGRESSIVE;
				CLANG_CXX_LANGUAGE_STANDARD = "gnu++20";
				CLANG_ENABLE_MODULES = YES;
				CLANG_ENABLE_OBJC_ARC = YES;
				CLANG_ENABLE_OBJC_WEAK = YES;
				CLANG_WARN_BLOCK_CAPTURE_AUTORELEASING = YES;
				CLANG_WARN_BOOL_CONVERSION = YES;
				CLANG_WARN_COMMA = YES;
				CLANG_WARN_CONSTANT_CONVERSION = YES;
				CLANG_WARN_DEPRECATED_OBJC_IMPLEMENTATIONS = YES;
				CLANG_WARN_DIRECT_OBJC_ISA_USAGE = YES_ERROR;
				CLANG_WARN_DOCUMENTATION_COMMENTS = YES;
				CLANG_WARN_EMPTY_BODY = YES;
				CLANG_WARN_ENUM_CONVERSION = YES;
				CLANG_WARN_INFINITE_RECURSION = YES;
				CLANG_WARN_INT_CONVERSION = YES;
				CLANG_WARN_NON_LITERAL_NULL_CONVERSION = YES;
				CLANG_WARN_OBJC_IMPLICIT_RETAIN_SELF = YES;
				CLANG_WARN_OBJC_LITERAL_CONVERSION = YES;
				CLANG_WARN_OBJC_ROOT_CLASS = YES_ERROR;
				CLANG_WARN_QUOTED_INCLUDE_IN_FRAMEWORK_HEADER = YES;
				CLANG_WARN_RANGE_LOOP_ANALYSIS = YES;
				CLANG_WARN_STRICT_PROTOTYPES = YES;
				CLANG_WARN_SUSPICIOUS_MOVE = YES;
				CLANG_WARN_UNGUARDED_AVAILABILITY = YES_AGGRESSIVE;
				CLANG_WARN_UNREACHABLE_CODE = YES;
				CLANG_WARN__DUPLICATE_METHOD_MATCH = YES;
				COPY_PHASE_STRIP = NO;
				DEBUG_INFORMATION_FORMAT = dwarf;
				ENABLE_STRICT_OBJC_MSGSEND = YES;
				ENABLE_TESTABILITY = YES;
				GCC_C_LANGUAGE_STANDARD = gnu11;
				GCC_DYNAMIC_NO_PIC = NO;
				GCC_NO_COMMON_BLOCKS = YES;
				GCC_OPTIMIZATION_LEVEL = 0;
				GCC_PREPROCESSOR_DEFINITIONS = (
					"DEBUG=1",
					"$(inherited)",
				);
				GCC_WARN_64_TO_32_BIT_CONVERSION = YES;
				GCC_WARN_ABOUT_RETURN_TYPE = YES_ERROR;
				GCC_WARN_UNDECLARED_SELECTOR = YES;
				GCC_WARN_UNINITIALIZED_AUTOS = YES_AGGRESSIVE;
				GCC_WARN_UNUSED_FUNCTION = YES;
				GCC_WARN_UNUSED_VARIABLE = YES;
				IPHONEOS_DEPLOYMENT_TARGET = 16.1;
				MTL_ENABLE_DEBUG_INFO = INCLUDE_SOURCE;
				MTL_FAST_MATH = YES;
				ONLY_ACTIVE_ARCH = YES;
				SDKROOT = iphoneos;
				SWIFT_ACTIVE_COMPILATION_CONDITIONS = DEBUG;
				SWIFT_OPTIMIZATION_LEVEL = "-Onone";
			};
			name = Debug;
		};
		E263948A296554B50013CC78 /* Release */ = {
			isa = XCBuildConfiguration;
			buildSettings = {
				ALWAYS_SEARCH_USER_PATHS = NO;
				CLANG_ANALYZER_NONNULL = YES;
				CLANG_ANALYZER_NUMBER_OBJECT_CONVERSION = YES_AGGRESSIVE;
				CLANG_CXX_LANGUAGE_STANDARD = "gnu++20";
				CLANG_ENABLE_MODULES = YES;
				CLANG_ENABLE_OBJC_ARC = YES;
				CLANG_ENABLE_OBJC_WEAK = YES;
				CLANG_WARN_BLOCK_CAPTURE_AUTORELEASING = YES;
				CLANG_WARN_BOOL_CONVERSION = YES;
				CLANG_WARN_COMMA = YES;
				CLANG_WARN_CONSTANT_CONVERSION = YES;
				CLANG_WARN_DEPRECATED_OBJC_IMPLEMENTATIONS = YES;
				CLANG_WARN_DIRECT_OBJC_ISA_USAGE = YES_ERROR;
				CLANG_WARN_DOCUMENTATION_COMMENTS = YES;
				CLANG_WARN_EMPTY_BODY = YES;
				CLANG_WARN_ENUM_CONVERSION = YES;
				CLANG_WARN_INFINITE_RECURSION = YES;
				CLANG_WARN_INT_CONVERSION = YES;
				CLANG_WARN_NON_LITERAL_NULL_CONVERSION = YES;
				CLANG_WARN_OBJC_IMPLICIT_RETAIN_SELF = YES;
				CLANG_WARN_OBJC_LITERAL_CONVERSION = YES;
				CLANG_WARN_OBJC_ROOT_CLASS = YES_ERROR;
				CLANG_WARN_QUOTED_INCLUDE_IN_FRAMEWORK_HEADER = YES;
				CLANG_WARN_RANGE_LOOP_ANALYSIS = YES;
				CLANG_WARN_STRICT_PROTOTYPES = YES;
				CLANG_WARN_SUSPICIOUS_MOVE = YES;
				CLANG_WARN_UNGUARDED_AVAILABILITY = YES_AGGRESSIVE;
				CLANG_WARN_UNREACHABLE_CODE = YES;
				CLANG_WARN__DUPLICATE_METHOD_MATCH = YES;
				COPY_PHASE_STRIP = NO;
				DEBUG_INFORMATION_FORMAT = "dwarf-with-dsym";
				ENABLE_NS_ASSERTIONS = NO;
				ENABLE_STRICT_OBJC_MSGSEND = YES;
				GCC_C_LANGUAGE_STANDARD = gnu11;
				GCC_NO_COMMON_BLOCKS = YES;
				GCC_WARN_64_TO_32_BIT_CONVERSION = YES;
				GCC_WARN_ABOUT_RETURN_TYPE = YES_ERROR;
				GCC_WARN_UNDECLARED_SELECTOR = YES;
				GCC_WARN_UNINITIALIZED_AUTOS = YES_AGGRESSIVE;
				GCC_WARN_UNUSED_FUNCTION = YES;
				GCC_WARN_UNUSED_VARIABLE = YES;
				IPHONEOS_DEPLOYMENT_TARGET = 16.1;
				MTL_ENABLE_DEBUG_INFO = NO;
				MTL_FAST_MATH = YES;
				SDKROOT = iphoneos;
				SWIFT_COMPILATION_MODE = wholemodule;
				SWIFT_OPTIMIZATION_LEVEL = "-O";
				VALIDATE_PRODUCT = YES;
			};
			name = Release;
		};
		E263948C296554B50013CC78 /* Debug */ = {
			isa = XCBuildConfiguration;
			baseConfigurationReference = 84E81C7F5892602E8991C00C /* Pods-ToDo List.debug.xcconfig */;
			buildSettings = {
				ASSETCATALOG_COMPILER_APPICON_NAME = AppIcon;
				ASSETCATALOG_COMPILER_GLOBAL_ACCENT_COLOR_NAME = AccentColor;
				CODE_SIGN_STYLE = Automatic;
				CURRENT_PROJECT_VERSION = 1;
				DEVELOPMENT_TEAM = NU3L58K3P3;
				GENERATE_INFOPLIST_FILE = YES;
				INFOPLIST_FILE = "ToDo List/Info.plist";
				INFOPLIST_KEY_UIApplicationSupportsIndirectInputEvents = YES;
				INFOPLIST_KEY_UILaunchStoryboardName = LaunchScreen;
				INFOPLIST_KEY_UIMainStoryboardFile = Main;
				INFOPLIST_KEY_UISupportedInterfaceOrientations_iPad = "UIInterfaceOrientationPortrait UIInterfaceOrientationPortraitUpsideDown UIInterfaceOrientationLandscapeLeft UIInterfaceOrientationLandscapeRight";
				INFOPLIST_KEY_UISupportedInterfaceOrientations_iPhone = "UIInterfaceOrientationPortrait UIInterfaceOrientationLandscapeLeft UIInterfaceOrientationLandscapeRight";
				LD_RUNPATH_SEARCH_PATHS = (
					"$(inherited)",
					"@executable_path/Frameworks",
				);
				MARKETING_VERSION = 1.0;
				PRODUCT_BUNDLE_IDENTIFIER = "com.ahmed.ToDo-List";
				PRODUCT_NAME = "$(TARGET_NAME)";
				SWIFT_EMIT_LOC_STRINGS = YES;
				SWIFT_VERSION = 5.0;
				TARGETED_DEVICE_FAMILY = "1,2";
			};
			name = Debug;
		};
		E263948D296554B50013CC78 /* Release */ = {
			isa = XCBuildConfiguration;
			baseConfigurationReference = A6AFB416BAD5E32E7EE9AB21 /* Pods-ToDo List.release.xcconfig */;
			buildSettings = {
				ASSETCATALOG_COMPILER_APPICON_NAME = AppIcon;
				ASSETCATALOG_COMPILER_GLOBAL_ACCENT_COLOR_NAME = AccentColor;
				CODE_SIGN_STYLE = Automatic;
				CURRENT_PROJECT_VERSION = 1;
				DEVELOPMENT_TEAM = NU3L58K3P3;
				GENERATE_INFOPLIST_FILE = YES;
				INFOPLIST_FILE = "ToDo List/Info.plist";
				INFOPLIST_KEY_UIApplicationSupportsIndirectInputEvents = YES;
				INFOPLIST_KEY_UILaunchStoryboardName = LaunchScreen;
				INFOPLIST_KEY_UIMainStoryboardFile = Main;
				INFOPLIST_KEY_UISupportedInterfaceOrientations_iPad = "UIInterfaceOrientationPortrait UIInterfaceOrientationPortraitUpsideDown UIInterfaceOrientationLandscapeLeft UIInterfaceOrientationLandscapeRight";
				INFOPLIST_KEY_UISupportedInterfaceOrientations_iPhone = "UIInterfaceOrientationPortrait UIInterfaceOrientationLandscapeLeft UIInterfaceOrientationLandscapeRight";
				LD_RUNPATH_SEARCH_PATHS = (
					"$(inherited)",
					"@executable_path/Frameworks",
				);
				MARKETING_VERSION = 1.0;
				PRODUCT_BUNDLE_IDENTIFIER = "com.ahmed.ToDo-List";
				PRODUCT_NAME = "$(TARGET_NAME)";
				SWIFT_EMIT_LOC_STRINGS = YES;
				SWIFT_VERSION = 5.0;
				TARGETED_DEVICE_FAMILY = "1,2";
			};
			name = Release;
		};
/* End XCBuildConfiguration section */

/* Begin XCConfigurationList section */
		E263946F296554B30013CC78 /* Build configuration list for PBXProject "ToDo List" */ = {
			isa = XCConfigurationList;
			buildConfigurations = (
				E2639489296554B50013CC78 /* Debug */,
				E263948A296554B50013CC78 /* Release */,
			);
			defaultConfigurationIsVisible = 0;
			defaultConfigurationName = Release;
		};
		E263948B296554B50013CC78 /* Build configuration list for PBXNativeTarget "ToDo List" */ = {
			isa = XCConfigurationList;
			buildConfigurations = (
				E263948C296554B50013CC78 /* Debug */,
				E263948D296554B50013CC78 /* Release */,
			);
			defaultConfigurationIsVisible = 0;
			defaultConfigurationName = Release;
		};
/* End XCConfigurationList section */

/* Begin XCVersionGroup section */
		E2639480296554B30013CC78 /* ToDo_List.xcdatamodeld */ = {
			isa = XCVersionGroup;
			children = (
				E2639481296554B30013CC78 /* ToDo_List.xcdatamodel */,
			);
			currentVersion = E2639481296554B30013CC78 /* ToDo_List.xcdatamodel */;
			path = ToDo_List.xcdatamodeld;
			sourceTree = "<group>";
			versionGroupType = wrapper.xcdatamodel;
		};
/* End XCVersionGroup section */
	};
	rootObject = E263946C296554B30013CC78 /* Project object */;
}
